// !$*UTF8*$!
{
	archiveVersion = 1;
	classes = {
	};
	objectVersion = 46;
	objects = {

/* Begin PBXBuildFile section */
		8B8A34D7196D307C004615F6 /* ProgressBar.swift in Sources */ = {isa = PBXBuildFile; fileRef = 8B8A34D6196D307C004615F6 /* ProgressBar.swift */; };
		8B9297CC196BC35800AAF77F /* Chain.swift in Sources */ = {isa = PBXBuildFile; fileRef = 8B9297CB196BC35800AAF77F /* Chain.swift */; };
		8B9297CD196BC35800AAF77F /* Chain.swift in Sources */ = {isa = PBXBuildFile; fileRef = 8B9297CB196BC35800AAF77F /* Chain.swift */; };
		8BDDEC1C196A68D50056BCE8 /* AppDelegate.swift in Sources */ = {isa = PBXBuildFile; fileRef = 8BDDEC1B196A68D50056BCE8 /* AppDelegate.swift */; };
		8BDDEC1E196A68D50056BCE8 /* GameScene.sks in Resources */ = {isa = PBXBuildFile; fileRef = 8BDDEC1D196A68D50056BCE8 /* GameScene.sks */; };
		8BDDEC20196A68D50056BCE8 /* GameScene.swift in Sources */ = {isa = PBXBuildFile; fileRef = 8BDDEC1F196A68D50056BCE8 /* GameScene.swift */; };
		8BDDEC22196A68D50056BCE8 /* GameViewController.swift in Sources */ = {isa = PBXBuildFile; fileRef = 8BDDEC21196A68D50056BCE8 /* GameViewController.swift */; };
		8BDDEC25196A68D50056BCE8 /* Main.storyboard in Resources */ = {isa = PBXBuildFile; fileRef = 8BDDEC23196A68D50056BCE8 /* Main.storyboard */; };
		8BDDEC27196A68D50056BCE8 /* Images.xcassets in Resources */ = {isa = PBXBuildFile; fileRef = 8BDDEC26196A68D50056BCE8 /* Images.xcassets */; };
		8BDDEC3D196A69580056BCE8 /* RuneStone.swift in Sources */ = {isa = PBXBuildFile; fileRef = 8BDDEC3C196A69580056BCE8 /* RuneStone.swift */; };
		8BDDEC3E196A695C0056BCE8 /* RuneStone.swift in Sources */ = {isa = PBXBuildFile; fileRef = 8BDDEC3C196A69580056BCE8 /* RuneStone.swift */; };
		8BDDEC40196A69890056BCE8 /* SwiftTowerOfSaviorsTests.swift in Sources */ = {isa = PBXBuildFile; fileRef = 8BDDEC3F196A69890056BCE8 /* SwiftTowerOfSaviorsTests.swift */; };
		8BDDEC42196A6E9F0056BCE8 /* Array2D.swift in Sources */ = {isa = PBXBuildFile; fileRef = 8BDDEC41196A6E9F0056BCE8 /* Array2D.swift */; };
		8BDDEC44196A6EBE0056BCE8 /* Set.swift in Sources */ = {isa = PBXBuildFile; fileRef = 8BDDEC43196A6EBE0056BCE8 /* Set.swift */; };
		8BDDEC46196A6EE30056BCE8 /* Level.swift in Sources */ = {isa = PBXBuildFile; fileRef = 8BDDEC45196A6EE30056BCE8 /* Level.swift */; };
		8BDDEC47196A700C0056BCE8 /* Array2D.swift in Sources */ = {isa = PBXBuildFile; fileRef = 8BDDEC41196A6E9F0056BCE8 /* Array2D.swift */; };
		8BDDEC48196A700F0056BCE8 /* Set.swift in Sources */ = {isa = PBXBuildFile; fileRef = 8BDDEC43196A6EBE0056BCE8 /* Set.swift */; };
		8BDDEC49196A70120056BCE8 /* Level.swift in Sources */ = {isa = PBXBuildFile; fileRef = 8BDDEC45196A6EE30056BCE8 /* Level.swift */; };
		8BDDEC4B196A87B90056BCE8 /* Sprites.atlas in Resources */ = {isa = PBXBuildFile; fileRef = 8BDDEC4A196A87B90056BCE8 /* Sprites.atlas */; };
		8BDDEC4D196A941D0056BCE8 /* Swap.swift in Sources */ = {isa = PBXBuildFile; fileRef = 8BDDEC4C196A941D0056BCE8 /* Swap.swift */; };
		8BDDEC4E196A942E0056BCE8 /* Swap.swift in Sources */ = {isa = PBXBuildFile; fileRef = 8BDDEC4C196A941D0056BCE8 /* Swap.swift */; };
/* End PBXBuildFile section */

/* Begin PBXContainerItemProxy section */
		8BDDEC2D196A68D50056BCE8 /* PBXContainerItemProxy */ = {
			isa = PBXContainerItemProxy;
			containerPortal = 8BDDEC0E196A68D50056BCE8 /* Project object */;
			proxyType = 1;
			remoteGlobalIDString = 8BDDEC15196A68D50056BCE8;
			remoteInfo = SwiftTowerOfSaviors;
		};
/* End PBXContainerItemProxy section */

/* Begin PBXFileReference section */
		8B8A34D6196D307C004615F6 /* ProgressBar.swift */ = {isa = PBXFileReference; fileEncoding = 4; lastKnownFileType = sourcecode.swift; path = ProgressBar.swift; sourceTree = "<group>"; };
		8B9297CB196BC35800AAF77F /* Chain.swift */ = {isa = PBXFileReference; fileEncoding = 4; lastKnownFileType = sourcecode.swift; path = Chain.swift; sourceTree = "<group>"; };
		8BDDEC16196A68D50056BCE8 /* SwiftTowerOfSaviors.app */ = {isa = PBXFileReference; explicitFileType = wrapper.application; includeInIndex = 0; path = SwiftTowerOfSaviors.app; sourceTree = BUILT_PRODUCTS_DIR; };
		8BDDEC1A196A68D50056BCE8 /* Info.plist */ = {isa = PBXFileReference; lastKnownFileType = text.plist.xml; path = Info.plist; sourceTree = "<group>"; };
		8BDDEC1B196A68D50056BCE8 /* AppDelegate.swift */ = {isa = PBXFileReference; lastKnownFileType = sourcecode.swift; path = AppDelegate.swift; sourceTree = "<group>"; };
		8BDDEC1D196A68D50056BCE8 /* GameScene.sks */ = {isa = PBXFileReference; lastKnownFileType = file.sks; path = GameScene.sks; sourceTree = "<group>"; };
		8BDDEC1F196A68D50056BCE8 /* GameScene.swift */ = {isa = PBXFileReference; lastKnownFileType = sourcecode.swift; path = GameScene.swift; sourceTree = "<group>"; };
		8BDDEC21196A68D50056BCE8 /* GameViewController.swift */ = {isa = PBXFileReference; lastKnownFileType = sourcecode.swift; path = GameViewController.swift; sourceTree = "<group>"; };
		8BDDEC24196A68D50056BCE8 /* Base */ = {isa = PBXFileReference; lastKnownFileType = file.storyboard; name = Base; path = Base.lproj/Main.storyboard; sourceTree = "<group>"; };
		8BDDEC26196A68D50056BCE8 /* Images.xcassets */ = {isa = PBXFileReference; lastKnownFileType = folder.assetcatalog; path = Images.xcassets; sourceTree = "<group>"; };
		8BDDEC2C196A68D50056BCE8 /* SwiftTowerOfSaviorsTests.xctest */ = {isa = PBXFileReference; explicitFileType = wrapper.cfbundle; includeInIndex = 0; path = SwiftTowerOfSaviorsTests.xctest; sourceTree = BUILT_PRODUCTS_DIR; };
		8BDDEC31196A68D50056BCE8 /* Info.plist */ = {isa = PBXFileReference; lastKnownFileType = text.plist.xml; path = Info.plist; sourceTree = "<group>"; };
		8BDDEC3C196A69580056BCE8 /* RuneStone.swift */ = {isa = PBXFileReference; fileEncoding = 4; lastKnownFileType = sourcecode.swift; path = RuneStone.swift; sourceTree = "<group>"; };
		8BDDEC3F196A69890056BCE8 /* SwiftTowerOfSaviorsTests.swift */ = {isa = PBXFileReference; fileEncoding = 4; lastKnownFileType = sourcecode.swift; path = SwiftTowerOfSaviorsTests.swift; sourceTree = "<group>"; };
		8BDDEC41196A6E9F0056BCE8 /* Array2D.swift */ = {isa = PBXFileReference; fileEncoding = 4; lastKnownFileType = sourcecode.swift; path = Array2D.swift; sourceTree = "<group>"; };
		8BDDEC43196A6EBE0056BCE8 /* Set.swift */ = {isa = PBXFileReference; fileEncoding = 4; lastKnownFileType = sourcecode.swift; path = Set.swift; sourceTree = "<group>"; };
		8BDDEC45196A6EE30056BCE8 /* Level.swift */ = {isa = PBXFileReference; fileEncoding = 4; lastKnownFileType = sourcecode.swift; path = Level.swift; sourceTree = "<group>"; };
		8BDDEC4A196A87B90056BCE8 /* Sprites.atlas */ = {isa = PBXFileReference; lastKnownFileType = folder.skatlas; path = Sprites.atlas; sourceTree = "<group>"; };
		8BDDEC4C196A941D0056BCE8 /* Swap.swift */ = {isa = PBXFileReference; fileEncoding = 4; lastKnownFileType = sourcecode.swift; path = Swap.swift; sourceTree = "<group>"; };
/* End PBXFileReference section */

/* Begin PBXFrameworksBuildPhase section */
		8BDDEC13196A68D50056BCE8 /* Frameworks */ = {
			isa = PBXFrameworksBuildPhase;
			buildActionMask = 2147483647;
			files = (
			);
			runOnlyForDeploymentPostprocessing = 0;
		};
		8BDDEC29196A68D50056BCE8 /* Frameworks */ = {
			isa = PBXFrameworksBuildPhase;
			buildActionMask = 2147483647;
			files = (
			);
			runOnlyForDeploymentPostprocessing = 0;
		};
/* End PBXFrameworksBuildPhase section */

/* Begin PBXGroup section */
		8BDDEC0D196A68D50056BCE8 = {
			isa = PBXGroup;
			children = (
				8BDDEC18196A68D50056BCE8 /* SwiftTowerOfSaviors */,
				8BDDEC2F196A68D50056BCE8 /* SwiftTowerOfSaviorsTests */,
				8BDDEC17196A68D50056BCE8 /* Products */,
			);
			sourceTree = "<group>";
		};
		8BDDEC17196A68D50056BCE8 /* Products */ = {
			isa = PBXGroup;
			children = (
				8BDDEC16196A68D50056BCE8 /* SwiftTowerOfSaviors.app */,
				8BDDEC2C196A68D50056BCE8 /* SwiftTowerOfSaviorsTests.xctest */,
			);
			name = Products;
			sourceTree = "<group>";
		};
		8BDDEC18196A68D50056BCE8 /* SwiftTowerOfSaviors */ = {
			isa = PBXGroup;
			children = (
				8BDDEC1B196A68D50056BCE8 /* AppDelegate.swift */,
				8BDDEC41196A6E9F0056BCE8 /* Array2D.swift */,
				8B9297CB196BC35800AAF77F /* Chain.swift */,
				8BDDEC1D196A68D50056BCE8 /* GameScene.sks */,
				8BDDEC1F196A68D50056BCE8 /* GameScene.swift */,
				8BDDEC21196A68D50056BCE8 /* GameViewController.swift */,
				8BDDEC26196A68D50056BCE8 /* Images.xcassets */,
				8BDDEC45196A6EE30056BCE8 /* Level.swift */,
				8BDDEC23196A68D50056BCE8 /* Main.storyboard */,
				8B8A34D6196D307C004615F6 /* ProgressBar.swift */,
				8BDDEC3C196A69580056BCE8 /* RuneStone.swift */,
				8BDDEC43196A6EBE0056BCE8 /* Set.swift */,
				8BDDEC4A196A87B90056BCE8 /* Sprites.atlas */,
				8BDDEC19196A68D50056BCE8 /* Supporting Files */,
				8BDDEC4C196A941D0056BCE8 /* Swap.swift */,
			);
			path = SwiftTowerOfSaviors;
			sourceTree = "<group>";
		};
		8BDDEC19196A68D50056BCE8 /* Supporting Files */ = {
			isa = PBXGroup;
			children = (
				8BDDEC1A196A68D50056BCE8 /* Info.plist */,
			);
			name = "Supporting Files";
			sourceTree = "<group>";
		};
		8BDDEC2F196A68D50056BCE8 /* SwiftTowerOfSaviorsTests */ = {
			isa = PBXGroup;
			children = (
				8BDDEC3F196A69890056BCE8 /* SwiftTowerOfSaviorsTests.swift */,
				8BDDEC30196A68D50056BCE8 /* Supporting Files */,
			);
			path = SwiftTowerOfSaviorsTests;
			sourceTree = "<group>";
		};
		8BDDEC30196A68D50056BCE8 /* Supporting Files */ = {
			isa = PBXGroup;
			children = (
				8BDDEC31196A68D50056BCE8 /* Info.plist */,
			);
			name = "Supporting Files";
			sourceTree = "<group>";
		};
/* End PBXGroup section */

/* Begin PBXNativeTarget section */
		8BDDEC15196A68D50056BCE8 /* SwiftTowerOfSaviors */ = {
			isa = PBXNativeTarget;
			buildConfigurationList = 8BDDEC36196A68D50056BCE8 /* Build configuration list for PBXNativeTarget "SwiftTowerOfSaviors" */;
			buildPhases = (
				8BDDEC12196A68D50056BCE8 /* Sources */,
				8BDDEC13196A68D50056BCE8 /* Frameworks */,
				8BDDEC14196A68D50056BCE8 /* Resources */,
			);
			buildRules = (
			);
			dependencies = (
			);
			name = SwiftTowerOfSaviors;
			productName = SwiftTowerOfSaviors;
			productReference = 8BDDEC16196A68D50056BCE8 /* SwiftTowerOfSaviors.app */;
			productType = "com.apple.product-type.application";
		};
		8BDDEC2B196A68D50056BCE8 /* SwiftTowerOfSaviorsTests */ = {
			isa = PBXNativeTarget;
			buildConfigurationList = 8BDDEC39196A68D50056BCE8 /* Build configuration list for PBXNativeTarget "SwiftTowerOfSaviorsTests" */;
			buildPhases = (
				8BDDEC28196A68D50056BCE8 /* Sources */,
				8BDDEC29196A68D50056BCE8 /* Frameworks */,
				8BDDEC2A196A68D50056BCE8 /* Resources */,
			);
			buildRules = (
			);
			dependencies = (
				8BDDEC2E196A68D50056BCE8 /* PBXTargetDependency */,
			);
			name = SwiftTowerOfSaviorsTests;
			productName = SwiftTowerOfSaviorsTests;
			productReference = 8BDDEC2C196A68D50056BCE8 /* SwiftTowerOfSaviorsTests.xctest */;
			productType = "com.apple.product-type.bundle.unit-test";
		};
/* End PBXNativeTarget section */

/* Begin PBXProject section */
		8BDDEC0E196A68D50056BCE8 /* Project object */ = {
			isa = PBXProject;
			attributes = {
				LastUpgradeCheck = 0600;
				ORGANIZATIONNAME = "Willy Liu";
				TargetAttributes = {
					8BDDEC15196A68D50056BCE8 = {
						CreatedOnToolsVersion = 6.0;
					};
					8BDDEC2B196A68D50056BCE8 = {
						CreatedOnToolsVersion = 6.0;
						TestTargetID = 8BDDEC15196A68D50056BCE8;
					};
				};
			};
			buildConfigurationList = 8BDDEC11196A68D50056BCE8 /* Build configuration list for PBXProject "SwiftTowerOfSaviors" */;
			compatibilityVersion = "Xcode 3.2";
			developmentRegion = English;
			hasScannedForEncodings = 0;
			knownRegions = (
				en,
				Base,
			);
			mainGroup = 8BDDEC0D196A68D50056BCE8;
			productRefGroup = 8BDDEC17196A68D50056BCE8 /* Products */;
			projectDirPath = "";
			projectRoot = "";
			targets = (
				8BDDEC15196A68D50056BCE8 /* SwiftTowerOfSaviors */,
				8BDDEC2B196A68D50056BCE8 /* SwiftTowerOfSaviorsTests */,
			);
		};
/* End PBXProject section */

/* Begin PBXResourcesBuildPhase section */
		8BDDEC14196A68D50056BCE8 /* Resources */ = {
			isa = PBXResourcesBuildPhase;
			buildActionMask = 2147483647;
			files = (
				8BDDEC27196A68D50056BCE8 /* Images.xcassets in Resources */,
				8BDDEC1E196A68D50056BCE8 /* GameScene.sks in Resources */,
				8BDDEC4B196A87B90056BCE8 /* Sprites.atlas in Resources */,
				8BDDEC25196A68D50056BCE8 /* Main.storyboard in Resources */,
			);
			runOnlyForDeploymentPostprocessing = 0;
		};
		8BDDEC2A196A68D50056BCE8 /* Resources */ = {
			isa = PBXResourcesBuildPhase;
			buildActionMask = 2147483647;
			files = (
			);
			runOnlyForDeploymentPostprocessing = 0;
		};
/* End PBXResourcesBuildPhase section */

/* Begin PBXSourcesBuildPhase section */
		8BDDEC12196A68D50056BCE8 /* Sources */ = {
			isa = PBXSourcesBuildPhase;
			buildActionMask = 2147483647;
			files = (
				8BDDEC4D196A941D0056BCE8 /* Swap.swift in Sources */,
				8BDDEC20196A68D50056BCE8 /* GameScene.swift in Sources */,
				8BDDEC46196A6EE30056BCE8 /* Level.swift in Sources */,
				8B9297CC196BC35800AAF77F /* Chain.swift in Sources */,
				8BDDEC3D196A69580056BCE8 /* RuneStone.swift in Sources */,
				8BDDEC44196A6EBE0056BCE8 /* Set.swift in Sources */,
				8BDDEC22196A68D50056BCE8 /* GameViewController.swift in Sources */,
				8BDDEC1C196A68D50056BCE8 /* AppDelegate.swift in Sources */,
				8B8A34D7196D307C004615F6 /* ProgressBar.swift in Sources */,
				8BDDEC42196A6E9F0056BCE8 /* Array2D.swift in Sources */,
			);
			runOnlyForDeploymentPostprocessing = 0;
		};
		8BDDEC28196A68D50056BCE8 /* Sources */ = {
			isa = PBXSourcesBuildPhase;
			buildActionMask = 2147483647;
			files = (
				8BDDEC48196A700F0056BCE8 /* Set.swift in Sources */,
				8BDDEC40196A69890056BCE8 /* SwiftTowerOfSaviorsTests.swift in Sources */,
				8B9297CD196BC35800AAF77F /* Chain.swift in Sources */,
				8BDDEC4E196A942E0056BCE8 /* Swap.swift in Sources */,
				8BDDEC47196A700C0056BCE8 /* Array2D.swift in Sources */,
				8BDDEC49196A70120056BCE8 /* Level.swift in Sources */,
				8BDDEC3E196A695C0056BCE8 /* RuneStone.swift in Sources */,
			);
			runOnlyForDeploymentPostprocessing = 0;
		};
/* End PBXSourcesBuildPhase section */

/* Begin PBXTargetDependency section */
		8BDDEC2E196A68D50056BCE8 /* PBXTargetDependency */ = {
			isa = PBXTargetDependency;
			target = 8BDDEC15196A68D50056BCE8 /* SwiftTowerOfSaviors */;
			targetProxy = 8BDDEC2D196A68D50056BCE8 /* PBXContainerItemProxy */;
		};
/* End PBXTargetDependency section */

/* Begin PBXVariantGroup section */
		8BDDEC23196A68D50056BCE8 /* Main.storyboard */ = {
			isa = PBXVariantGroup;
			children = (
				8BDDEC24196A68D50056BCE8 /* Base */,
			);
			name = Main.storyboard;
			sourceTree = "<group>";
		};
/* End PBXVariantGroup section */

/* Begin XCBuildConfiguration section */
		8BDDEC34196A68D50056BCE8 /* Debug */ = {
			isa = XCBuildConfiguration;
			buildSettings = {
				ALWAYS_SEARCH_USER_PATHS = NO;
				CLANG_CXX_LANGUAGE_STANDARD = "gnu++0x";
				CLANG_CXX_LIBRARY = "libc++";
				CLANG_ENABLE_MODULES = YES;
				CLANG_ENABLE_OBJC_ARC = YES;
				CLANG_WARN_BOOL_CONVERSION = YES;
				CLANG_WARN_CONSTANT_CONVERSION = YES;
				CLANG_WARN_DIRECT_OBJC_ISA_USAGE = YES_ERROR;
				CLANG_WARN_EMPTY_BODY = YES;
				CLANG_WARN_ENUM_CONVERSION = YES;
				CLANG_WARN_INT_CONVERSION = YES;
				CLANG_WARN_OBJC_ROOT_CLASS = YES_ERROR;
				CLANG_WARN_UNREACHABLE_CODE = YES;
				CLANG_WARN__DUPLICATE_METHOD_MATCH = YES;
				"CODE_SIGN_IDENTITY[sdk=iphoneos*]" = "iPhone Developer";
				COPY_PHASE_STRIP = NO;
				ENABLE_STRICT_OBJC_MSGSEND = YES;
				GCC_C_LANGUAGE_STANDARD = gnu99;
				GCC_DYNAMIC_NO_PIC = NO;
				GCC_OPTIMIZATION_LEVEL = 0;
				GCC_PREPROCESSOR_DEFINITIONS = (
					"DEBUG=1",
					"$(inherited)",
				);
				GCC_SYMBOLS_PRIVATE_EXTERN = NO;
				GCC_WARN_64_TO_32_BIT_CONVERSION = YES;
				GCC_WARN_ABOUT_RETURN_TYPE = YES_ERROR;
				GCC_WARN_UNDECLARED_SELECTOR = YES;
				GCC_WARN_UNINITIALIZED_AUTOS = YES_AGGRESSIVE;
				GCC_WARN_UNUSED_FUNCTION = YES;
				GCC_WARN_UNUSED_VARIABLE = YES;
				IPHONEOS_DEPLOYMENT_TARGET = 8.0;
				METAL_ENABLE_DEBUG_INFO = YES;
				ONLY_ACTIVE_ARCH = YES;
				SDKROOT = iphoneos;
				SWIFT_OPTIMIZATION_LEVEL = "-Onone";
			};
			name = Debug;
		};
		8BDDEC35196A68D50056BCE8 /* Release */ = {
			isa = XCBuildConfiguration;
			buildSettings = {
				ALWAYS_SEARCH_USER_PATHS = NO;
				CLANG_CXX_LANGUAGE_STANDARD = "gnu++0x";
				CLANG_CXX_LIBRARY = "libc++";
				CLANG_ENABLE_MODULES = YES;
				CLANG_ENABLE_OBJC_ARC = YES;
				CLANG_WARN_BOOL_CONVERSION = YES;
				CLANG_WARN_CONSTANT_CONVERSION = YES;
				CLANG_WARN_DIRECT_OBJC_ISA_USAGE = YES_ERROR;
				CLANG_WARN_EMPTY_BODY = YES;
				CLANG_WARN_ENUM_CONVERSION = YES;
				CLANG_WARN_INT_CONVERSION = YES;
				CLANG_WARN_OBJC_ROOT_CLASS = YES_ERROR;
				CLANG_WARN_UNREACHABLE_CODE = YES;
				CLANG_WARN__DUPLICATE_METHOD_MATCH = YES;
				"CODE_SIGN_IDENTITY[sdk=iphoneos*]" = "iPhone Developer";
				COPY_PHASE_STRIP = YES;
				ENABLE_NS_ASSERTIONS = NO;
				ENABLE_STRICT_OBJC_MSGSEND = YES;
				GCC_C_LANGUAGE_STANDARD = gnu99;
				GCC_WARN_64_TO_32_BIT_CONVERSION = YES;
				GCC_WARN_ABOUT_RETURN_TYPE = YES_ERROR;
				GCC_WARN_UNDECLARED_SELECTOR = YES;
				GCC_WARN_UNINITIALIZED_AUTOS = YES_AGGRESSIVE;
				GCC_WARN_UNUSED_FUNCTION = YES;
				GCC_WARN_UNUSED_VARIABLE = YES;
				IPHONEOS_DEPLOYMENT_TARGET = 8.0;
				METAL_ENABLE_DEBUG_INFO = NO;
				SDKROOT = iphoneos;
				VALIDATE_PRODUCT = YES;
			};
			name = Release;
		};
		8BDDEC37196A68D50056BCE8 /* Debug */ = {
			isa = XCBuildConfiguration;
			buildSettings = {
				ASSETCATALOG_COMPILER_APPICON_NAME = AppIcon;
				ASSETCATALOG_COMPILER_LAUNCHIMAGE_NAME = LaunchImage;
				INFOPLIST_FILE = SwiftTowerOfSaviors/Info.plist;
				LD_RUNPATH_SEARCH_PATHS = "$(inherited) @executable_path/Frameworks";
				PRODUCT_NAME = "$(TARGET_NAME)";
			};
			name = Debug;
		};
		8BDDEC38196A68D50056BCE8 /* Release */ = {
			isa = XCBuildConfiguration;
			buildSettings = {
				ASSETCATALOG_COMPILER_APPICON_NAME = AppIcon;
				ASSETCATALOG_COMPILER_LAUNCHIMAGE_NAME = LaunchImage;
				INFOPLIST_FILE = SwiftTowerOfSaviors/Info.plist;
				LD_RUNPATH_SEARCH_PATHS = "$(inherited) @executable_path/Frameworks";
				PRODUCT_NAME = "$(TARGET_NAME)";
			};
			name = Release;
		};
		8BDDEC3A196A68D50056BCE8 /* Debug */ = {
			isa = XCBuildConfiguration;
			buildSettings = {
				BUNDLE_LOADER = "$(BUILT_PRODUCTS_DIR)/SwiftTowerOfSaviors.app/SwiftTowerOfSaviors";
				FRAMEWORK_SEARCH_PATHS = (
					"$(SDKROOT)/Developer/Library/Frameworks",
					"$(inherited)",
				);
				GCC_PREPROCESSOR_DEFINITIONS = (
					"DEBUG=1",
					"$(inherited)",
				);
				INFOPLIST_FILE = SwiftTowerOfSaviorsTests/Info.plist;
				LD_RUNPATH_SEARCH_PATHS = "$(inherited) @executable_path/Frameworks @loader_path/Frameworks";
				METAL_ENABLE_DEBUG_INFO = YES;
				PRODUCT_NAME = "$(TARGET_NAME)";
				TEST_HOST = "$(BUNDLE_LOADER)";
			};
			name = Debug;
		};
		8BDDEC3B196A68D50056BCE8 /* Release */ = {
			isa = XCBuildConfiguration;
			buildSettings = {
				BUNDLE_LOADER = "$(BUILT_PRODUCTS_DIR)/SwiftTowerOfSaviors.app/SwiftTowerOfSaviors";
				FRAMEWORK_SEARCH_PATHS = (
					"$(SDKROOT)/Developer/Library/Frameworks",
					"$(inherited)",
				);
				INFOPLIST_FILE = SwiftTowerOfSaviorsTests/Info.plist;
				LD_RUNPATH_SEARCH_PATHS = "$(inherited) @executable_path/Frameworks @loader_path/Frameworks";
				METAL_ENABLE_DEBUG_INFO = NO;
				PRODUCT_NAME = "$(TARGET_NAME)";
				TEST_HOST = "$(BUNDLE_LOADER)";
			};
			name = Release;
		};
/* End XCBuildConfiguration section */

/* Begin XCConfigurationList section */
		8BDDEC11196A68D50056BCE8 /* Build configuration list for PBXProject "SwiftTowerOfSaviors" */ = {
			isa = XCConfigurationList;
			buildConfigurations = (
				8BDDEC34196A68D50056BCE8 /* Debug */,
				8BDDEC35196A68D50056BCE8 /* Release */,
			);
			defaultConfigurationIsVisible = 0;
			defaultConfigurationName = Release;
		};
		8BDDEC36196A68D50056BCE8 /* Build configuration list for PBXNativeTarget "SwiftTowerOfSaviors" */ = {
			isa = XCConfigurationList;
			buildConfigurations = (
				8BDDEC37196A68D50056BCE8 /* Debug */,
				8BDDEC38196A68D50056BCE8 /* Release */,
			);
			defaultConfigurationIsVisible = 0;
			defaultConfigurationName = Release;
		};
		8BDDEC39196A68D50056BCE8 /* Build configuration list for PBXNativeTarget "SwiftTowerOfSaviorsTests" */ = {
			isa = XCConfigurationList;
			buildConfigurations = (
				8BDDEC3A196A68D50056BCE8 /* Debug */,
				8BDDEC3B196A68D50056BCE8 /* Release */,
			);
			defaultConfigurationIsVisible = 0;
			defaultConfigurationName = Release;
		};
/* End XCConfigurationList section */
	};
	rootObject = 8BDDEC0E196A68D50056BCE8 /* Project object */;
}
